
Microsoft Visual Studio Solution File, Format Version 12.00
# Visual Studio Version 16
VisualStudioVersion = 16.0.30114.105
MinimumVisualStudioVersion = 10.0.40219.1
Project("{8BC9CEB8-8B4A-11D0-8D11-00A0C91BC942}") = "Творческая_2", "Творческая_2.vcxproj", "{9E5CAFE2-E855-4BB4-95E5-83FB5503AAB3}"
EndProject
Global
	GlobalSection(SolutionConfigurationPlatforms) = preSolution
		Debug|x64 = Debug|x64
		Debug|x86 = Debug|x86
		Release|x64 = Release|x64
		Release|x86 = Release|x86
	EndGlobalSection
	GlobalSection(ProjectConfigurationPlatforms) = postSolution
		{9E5CAFE2-E855-4BB4-95E5-83FB5503AAB3}.Debug|x64.ActiveCfg = Debug|x64
		{9E5CAFE2-E855-4BB4-95E5-83FB5503AAB3}.Debug|x64.Build.0 = Debug|x64
		{9E5CAFE2-E855-4BB4-95E5-83FB5503AAB3}.Debug|x86.ActiveCfg = Debug|Win32
		{9E5CAFE2-E855-4BB4-95E5-83FB5503AAB3}.Debug|x86.Build.0 = Debug|Win32
		{9E5CAFE2-E855-4BB4-95E5-83FB5503AAB3}.Release|x64.ActiveCfg = Release|x64
		{9E5CAFE2-E855-4BB4-95E5-83FB5503AAB3}.Release|x64.Build.0 = Release|x64
		{9E5CAFE2-E855-4BB4-95E5-83FB5503AAB3}.Release|x86.ActiveCfg = Release|Win32
		{9E5CAFE2-E855-4BB4-95E5-83FB5503AAB3}.Release|x86.Build.0 = Release|Win32
	EndGlobalSection
	GlobalSection(SolutionProperties) = preSolution
		HideSolutionNode = FALSE
	EndGlobalSection
	GlobalSection(ExtensibilityGlobals) = postSolution
		SolutionGuid = {7D68599B-A985-413A-97A2-27049E3D6438}
	EndGlobalSection
EndGlobal
